Microsoft Visual Studio Solution File, Format Version 12.00
# Visual Studio Version 17
VisualStudioVersion = 17.5.2.0
MinimumVisualStudioVersion = 10.0.40219.1
Project("{FAE04EC0-301F-11D3-BF4B-00C04F79EFBC}") = "Restaurapp.BlazorServer", "Restaurapp.BlazorServer.csproj", "{B44D64CF-D523-F5A4-AEE4-5250572D6ABF}"
EndProject
Global
	GlobalSection(SolutionConfigurationPlatforms) = preSolution
		Debug|Any CPU = Debug|Any CPU
		Release|Any CPU = Release|Any CPU
	EndGlobalSection
	GlobalSection(ProjectConfigurationPlatforms) = postSolution
		{B44D64CF-D523-F5A4-AEE4-5250572D6ABF}.Debug|Any CPU.ActiveCfg = Debug|Any CPU
		{B44D64CF-D523-F5A4-AEE4-5250572D6ABF}.Debug|Any CPU.Build.0 = Debug|Any CPU
		{B44D64CF-D523-F5A4-AEE4-5250572D6ABF}.Release|Any CPU.ActiveCfg = Release|Any CPU
		{B44D64CF-D523-F5A4-AEE4-5250572D6ABF}.Release|Any CPU.Build.0 = Release|Any CPU
	EndGlobalSection
	GlobalSection(SolutionProperties) = preSolution
		HideSolutionNode = FALSE
	EndGlobalSection
	GlobalSection(ExtensibilityGlobals) = postSolution
		SolutionGuid = {986158CD-7D6B-4E5C-AD04-9CC1FBCDC190}
	EndGlobalSection
EndGlobal
