
Microsoft Visual Studio Solution File, Format Version 12.00
# Visual Studio Version 17
VisualStudioVersion = 17.5.2.0
MinimumVisualStudioVersion = 10.0.40219.1
Project("{FAE04EC0-301F-11D3-BF4B-00C04F79EFBC}") = "Restaurapp.BlazorServer", "Restaurapp.BlazorServer\Restaurapp.BlazorServer.csproj", "{73027AA6-D018-3025-383F-9DDCD1F2848B}"
EndProject
Project("{FAE04EC0-301F-11D3-BF4B-00C04F79EFBC}") = "Restaurapp.ClienteWasm", "Restaurapp.ClienteWasm\Restaurapp.ClienteWasm.csproj", "{5814BE67-5F42-4FDC-ADA2-5D81EC21DA9C}"
EndProject
Project("{FAE04EC0-301F-11D3-BF4B-00C04F79EFBC}") = "Restaurapp.Shared", "Restaurapp.Shared\Restaurapp.Shared.csproj", "{F2C08980-7B5A-4FA3-9647-81A003841B25}"
EndProject
Global
	GlobalSection(SolutionConfigurationPlatforms) = preSolution
		Debug|Any CPU = Debug|Any CPU
		Debug|x64 = Debug|x64
		Debug|x86 = Debug|x86
		Release|Any CPU = Release|Any CPU
		Release|x64 = Release|x64
		Release|x86 = Release|x86
	EndGlobalSection
	GlobalSection(ProjectConfigurationPlatforms) = postSolution
		{73027AA6-D018-3025-383F-9DDCD1F2848B}.Debug|Any CPU.ActiveCfg = Debug|Any CPU
		{73027AA6-D018-3025-383F-9DDCD1F2848B}.Debug|Any CPU.Build.0 = Debug|Any CPU
		{73027AA6-D018-3025-383F-9DDCD1F2848B}.Debug|x64.ActiveCfg = Debug|Any CPU
		{73027AA6-D018-3025-383F-9DDCD1F2848B}.Debug|x64.Build.0 = Debug|Any CPU
		{73027AA6-D018-3025-383F-9DDCD1F2848B}.Debug|x86.ActiveCfg = Debug|Any CPU
		{73027AA6-D018-3025-383F-9DDCD1F2848B}.Debug|x86.Build.0 = Debug|Any CPU
		{73027AA6-D018-3025-383F-9DDCD1F2848B}.Release|Any CPU.ActiveCfg = Release|Any CPU
		{73027AA6-D018-3025-383F-9DDCD1F2848B}.Release|Any CPU.Build.0 = Release|Any CPU
		{73027AA6-D018-3025-383F-9DDCD1F2848B}.Release|x64.ActiveCfg = Release|Any CPU
		{73027AA6-D018-3025-383F-9DDCD1F2848B}.Release|x64.Build.0 = Release|Any CPU
		{73027AA6-D018-3025-383F-9DDCD1F2848B}.Release|x86.ActiveCfg = Release|Any CPU
		{73027AA6-D018-3025-383F-9DDCD1F2848B}.Release|x86.Build.0 = Release|Any CPU
		{5814BE67-5F42-4FDC-ADA2-5D81EC21DA9C}.Debug|Any CPU.ActiveCfg = Debug|Any CPU
		{5814BE67-5F42-4FDC-ADA2-5D81EC21DA9C}.Debug|Any CPU.Build.0 = Debug|Any CPU
		{5814BE67-5F42-4FDC-ADA2-5D81EC21DA9C}.Debug|x64.ActiveCfg = Debug|Any CPU
		{5814BE67-5F42-4FDC-ADA2-5D81EC21DA9C}.Debug|x64.Build.0 = Debug|Any CPU
		{5814BE67-5F42-4FDC-ADA2-5D81EC21DA9C}.Debug|x86.ActiveCfg = Debug|Any CPU
		{5814BE67-5F42-4FDC-ADA2-5D81EC21DA9C}.Debug|x86.Build.0 = Debug|Any CPU
		{5814BE67-5F42-4FDC-ADA2-5D81EC21DA9C}.Release|Any CPU.ActiveCfg = Release|Any CPU
		{5814BE67-5F42-4FDC-ADA2-5D81EC21DA9C}.Release|Any CPU.Build.0 = Release|Any CPU
		{5814BE67-5F42-4FDC-ADA2-5D81EC21DA9C}.Release|x64.ActiveCfg = Release|Any CPU
		{5814BE67-5F42-4FDC-ADA2-5D81EC21DA9C}.Release|x64.Build.0 = Release|Any CPU
		{5814BE67-5F42-4FDC-ADA2-5D81EC21DA9C}.Release|x86.ActiveCfg = Release|Any CPU
		{5814BE67-5F42-4FDC-ADA2-5D81EC21DA9C}.Release|x86.Build.0 = Release|Any CPU
		{F2C08980-7B5A-4FA3-9647-81A003841B25}.Debug|Any CPU.ActiveCfg = Debug|Any CPU
		{F2C08980-7B5A-4FA3-9647-81A003841B25}.Debug|Any CPU.Build.0 = Debug|Any CPU
		{F2C08980-7B5A-4FA3-9647-81A003841B25}.Debug|x64.ActiveCfg = Debug|Any CPU
		{F2C08980-7B5A-4FA3-9647-81A003841B25}.Debug|x64.Build.0 = Debug|Any CPU
		{F2C08980-7B5A-4FA3-9647-81A003841B25}.Debug|x86.ActiveCfg = Debug|Any CPU
		{F2C08980-7B5A-4FA3-9647-81A003841B25}.Debug|x86.Build.0 = Debug|Any CPU
		{F2C08980-7B5A-4FA3-9647-81A003841B25}.Release|Any CPU.ActiveCfg = Release|Any CPU
		{F2C08980-7B5A-4FA3-9647-81A003841B25}.Release|Any CPU.Build.0 = Release|Any CPU
		{F2C08980-7B5A-4FA3-9647-81A003841B25}.Release|x64.ActiveCfg = Release|Any CPU
		{F2C08980-7B5A-4FA3-9647-81A003841B25}.Release|x64.Build.0 = Release|Any CPU
		{F2C08980-7B5A-4FA3-9647-81A003841B25}.Release|x86.ActiveCfg = Release|Any CPU
		{F2C08980-7B5A-4FA3-9647-81A003841B25}.Release|x86.Build.0 = Release|Any CPU
	EndGlobalSection
	GlobalSection(SolutionProperties) = preSolution
		HideSolutionNode = FALSE
	EndGlobalSection
	GlobalSection(ExtensibilityGlobals) = postSolution
		SolutionGuid = {48368FC8-C371-4E5F-8EA6-02D02B38667D}
	EndGlobalSection
EndGlobal
